
Microsoft Visual Studio Solution File, Format Version 11.00
# Visual Studio 2010
Project("{FAE04EC0-301F-11D3-BF4B-00C04F79EFBC}") = "TinyMessenger", "TinyMessenger\TinyMessenger.csproj", "{DE0CA005-3B06-4751-9429-9671E7916492}"
EndProject
Project("{FAE04EC0-301F-11D3-BF4B-00C04F79EFBC}") = "TinyMessenger.Tests", "TinyMessenger.Tests\TinyMessenger.Tests.csproj", "{40D73D7C-262F-40C9-86F4-15DCB55B2946}"
EndProject
Project("{2150E333-8FDC-42A3-9474-1A3956D46DE8}") = "Solution Items", "Solution Items", "{A4531D28-B1A5-43F8-90B3-5A675D02D11E}"
	ProjectSection(SolutionItems) = preProject
		Local.testsettings = Local.testsettings
		TinyMessenger.vsmdi = TinyMessenger.vsmdi
		TraceAndTestImpact.testsettings = TraceAndTestImpact.testsettings
	EndProjectSection
EndProject
Global
	GlobalSection(TestCaseManagementSettings) = postSolution
		CategoryFile = TinyMessenger.vsmdi
	EndGlobalSection
	GlobalSection(SolutionConfigurationPlatforms) = preSolution
		Debug|Any CPU = Debug|Any CPU
		Release|Any CPU = Release|Any CPU
	EndGlobalSection
	GlobalSection(ProjectConfigurationPlatforms) = postSolution
		{DE0CA005-3B06-4751-9429-9671E7916492}.Debug|Any CPU.ActiveCfg = Debug|Any CPU
		{DE0CA005-3B06-4751-9429-9671E7916492}.Debug|Any CPU.Build.0 = Debug|Any CPU
		{DE0CA005-3B06-4751-9429-9671E7916492}.Release|Any CPU.ActiveCfg = Release|Any CPU
		{DE0CA005-3B06-4751-9429-9671E7916492}.Release|Any CPU.Build.0 = Release|Any CPU
		{40D73D7C-262F-40C9-86F4-15DCB55B2946}.Debug|Any CPU.ActiveCfg = Debug|Any CPU
		{40D73D7C-262F-40C9-86F4-15DCB55B2946}.Debug|Any CPU.Build.0 = Debug|Any CPU
		{40D73D7C-262F-40C9-86F4-15DCB55B2946}.Release|Any CPU.ActiveCfg = Release|Any CPU
		{40D73D7C-262F-40C9-86F4-15DCB55B2946}.Release|Any CPU.Build.0 = Release|Any CPU
	EndGlobalSection
	GlobalSection(SolutionProperties) = preSolution
		HideSolutionNode = FALSE
	EndGlobalSection
EndGlobal
